{
  "lockfileVersion": 1,
  "workspaces": {
    "": {
      "name": "discord-app-bot",
      "dependencies": {
        "@prisma/client": "^6.11.1",
        "@sindresorhus/slugify": "^2.2.1",
        "discord-bot-shared": "^0.14.3",
        "discord.js": "^14.21.0",
        "get-urls": "^12.1.0",
        "prisma": "^6.11.1",
      },
      "devDependencies": {
        "@adamhl8/configs": "^0.9.1",
        "@biomejs/biome": "^2.1.1",
        "@types/bun": "^1.2.18",
        "typescript": "^5.8.3",
      },
    },
  },
  "packages": {
    "@adamhl8/configs": ["@adamhl8/configs@0.9.1", "", { "dependencies": { "@prettier/plugin-xml": "^3.4.2", "prettier-plugin-astro": "^0.14.1", "prettier-plugin-sh": "^0.18.0", "prettier-plugin-tailwindcss": "^0.6.13", "prettier-plugin-toml": "^2.0.5" } }, "sha512-m6bwdY5tPPuMoCvXphfPWL9fS5YJetGCBSAKbfyJKpnyvGcJv1lHC8k+8Swmj5g2Ia9JIYpm6mqhPDY8+91RbQ=="],

    "@astrojs/compiler": ["@astrojs/compiler@2.12.2", "", {}, "sha512-w2zfvhjNCkNMmMMOn5b0J8+OmUaBL1o40ipMvqcG6NRpdC+lKxmTi48DT8Xw0SzJ3AfmeFLB45zXZXtmbsjcgw=="],

    "@biomejs/biome": ["@biomejs/biome@2.1.1", "", { "optionalDependencies": { "@biomejs/cli-darwin-arm64": "2.1.1", "@biomejs/cli-darwin-x64": "2.1.1", "@biomejs/cli-linux-arm64": "2.1.1", "@biomejs/cli-linux-arm64-musl": "2.1.1", "@biomejs/cli-linux-x64": "2.1.1", "@biomejs/cli-linux-x64-musl": "2.1.1", "@biomejs/cli-win32-arm64": "2.1.1", "@biomejs/cli-win32-x64": "2.1.1" }, "bin": { "biome": "bin/biome" } }, "sha512-HFGYkxG714KzG+8tvtXCJ1t1qXQMzgWzfvQaUjxN6UeKv+KvMEuliInnbZLJm6DXFXwqVi6446EGI0sGBLIYng=="],

    "@biomejs/cli-darwin-arm64": ["@biomejs/cli-darwin-arm64@2.1.1", "", { "os": "darwin", "cpu": "arm64" }, "sha512-2Muinu5ok4tWxq4nu5l19el48cwCY/vzvI7Vjbkf3CYIQkjxZLyj0Ad37Jv2OtlXYaLvv+Sfu1hFeXt/JwRRXQ=="],

    "@biomejs/cli-darwin-x64": ["@biomejs/cli-darwin-x64@2.1.1", "", { "os": "darwin", "cpu": "x64" }, "sha512-cC8HM5lrgKQXLAK+6Iz2FrYW5A62pAAX6KAnRlEyLb+Q3+Kr6ur/sSuoIacqlp1yvmjHJqjYfZjPvHWnqxoEIA=="],

    "@biomejs/cli-linux-arm64": ["@biomejs/cli-linux-arm64@2.1.1", "", { "os": "linux", "cpu": "arm64" }, "sha512-tw4BEbhAUkWPe4WBr6IX04DJo+2jz5qpPzpW/SWvqMjb9QuHY8+J0M23V8EPY/zWU4IG8Ui0XESapR1CB49Q7g=="],

    "@biomejs/cli-linux-arm64-musl": ["@biomejs/cli-linux-arm64-musl@2.1.1", "", { "os": "linux", "cpu": "arm64" }, "sha512-/7FBLnTswu4jgV9ttI3AMIdDGqVEPIZd8I5u2D4tfCoj8rl9dnjrEQbAIDlWhUXdyWlFSz8JypH3swU9h9P+2A=="],

    "@biomejs/cli-linux-x64": ["@biomejs/cli-linux-x64@2.1.1", "", { "os": "linux", "cpu": "x64" }, "sha512-3WJ1GKjU7NzZb6RTbwLB59v9cTIlzjbiFLDB0z4376TkDqoNYilJaC37IomCr/aXwuU8QKkrYoHrgpSq5ffJ4Q=="],

    "@biomejs/cli-linux-x64-musl": ["@biomejs/cli-linux-x64-musl@2.1.1", "", { "os": "linux", "cpu": "x64" }, "sha512-kUu+loNI3OCD2c12cUt7M5yaaSjDnGIksZwKnueubX6c/HWUyi/0mPbTBHR49Me3F0KKjWiKM+ZOjsmC+lUt9g=="],

    "@biomejs/cli-win32-arm64": ["@biomejs/cli-win32-arm64@2.1.1", "", { "os": "win32", "cpu": "arm64" }, "sha512-vEHK0v0oW+E6RUWLoxb2isI3rZo57OX9ZNyyGH701fZPj6Il0Rn1f5DMNyCmyflMwTnIQstEbs7n2BxYSqQx4Q=="],

    "@biomejs/cli-win32-x64": ["@biomejs/cli-win32-x64@2.1.1", "", { "os": "win32", "cpu": "x64" }, "sha512-i2PKdn70kY++KEF/zkQFvQfX1e8SkA8hq4BgC+yE9dZqyLzB/XStY2MvwI3qswlRgnGpgncgqe0QYKVS1blksg=="],

    "@discordjs/builders": ["@discordjs/builders@1.11.2", "", { "dependencies": { "@discordjs/formatters": "^0.6.1", "@discordjs/util": "^1.1.1", "@sapphire/shapeshift": "^4.0.0", "discord-api-types": "^0.38.1", "fast-deep-equal": "^3.1.3", "ts-mixer": "^6.0.4", "tslib": "^2.6.3" } }, "sha512-F1WTABdd8/R9D1icJzajC4IuLyyS8f3rTOz66JsSI3pKvpCAtsMBweu8cyNYsIyvcrKAVn9EPK+Psoymq+XC0A=="],

    "@discordjs/collection": ["@discordjs/collection@1.5.3", "", {}, "sha512-SVb428OMd3WO1paV3rm6tSjM4wC+Kecaa1EUGX7vc6/fddvw/6lg90z4QtCqm21zvVe92vMMDt9+DkIvjXImQQ=="],

    "@discordjs/formatters": ["@discordjs/formatters@0.6.1", "", { "dependencies": { "discord-api-types": "^0.38.1" } }, "sha512-5cnX+tASiPCqCWtFcFslxBVUaCetB0thvM/JyavhbXInP1HJIEU+Qv/zMrnuwSsX3yWH2lVXNJZeDK3EiP4HHg=="],

    "@discordjs/rest": ["@discordjs/rest@2.5.1", "", { "dependencies": { "@discordjs/collection": "^2.1.1", "@discordjs/util": "^1.1.1", "@sapphire/async-queue": "^1.5.3", "@sapphire/snowflake": "^3.5.3", "@vladfrangu/async_event_emitter": "^2.4.6", "discord-api-types": "^0.38.1", "magic-bytes.js": "^1.10.0", "tslib": "^2.6.3", "undici": "6.21.3" } }, "sha512-Tg9840IneBcbrAjcGaQzHUJWFNq1MMWZjTdjJ0WS/89IffaNKc++iOvffucPxQTF/gviO9+9r8kEPea1X5J2Dw=="],

    "@discordjs/util": ["@discordjs/util@1.1.1", "", {}, "sha512-eddz6UnOBEB1oITPinyrB2Pttej49M9FZQY8NxgEvc3tq6ZICZ19m70RsmzRdDHk80O9NoYN/25AqJl8vPVf/g=="],

    "@discordjs/ws": ["@discordjs/ws@1.2.3", "", { "dependencies": { "@discordjs/collection": "^2.1.0", "@discordjs/rest": "^2.5.1", "@discordjs/util": "^1.1.0", "@sapphire/async-queue": "^1.5.2", "@types/ws": "^8.5.10", "@vladfrangu/async_event_emitter": "^2.2.4", "discord-api-types": "^0.38.1", "tslib": "^2.6.2", "ws": "^8.17.0" } }, "sha512-wPlQDxEmlDg5IxhJPuxXr3Vy9AjYq5xCvFWGJyD7w7Np8ZGu+Mc+97LCoEc/+AYCo2IDpKioiH0/c/mj5ZR9Uw=="],

    "@prettier/plugin-xml": ["@prettier/plugin-xml@3.4.2", "", { "dependencies": { "@xml-tools/parser": "^1.0.11" }, "peerDependencies": { "prettier": "^3.0.0" } }, "sha512-/UyNlHfkuLXG6Ed85KB0WBF283xn2yavR+UtRibBRUcvEJId2DSLdGXwJ/cDa1X++SWDPzq3+GSFniHjkNy7yg=="],

    "@prisma/client": ["@prisma/client@6.11.1", "", { "peerDependencies": { "prisma": "*", "typescript": ">=5.1.0" }, "optionalPeers": ["prisma", "typescript"] }, "sha512-5CLFh8QP6KxRm83pJ84jaVCeSVPQr8k0L2SEtOJHwdkS57/VQDcI/wQpGmdyOZi+D9gdNabdo8tj1Uk+w+upsQ=="],

    "@prisma/config": ["@prisma/config@6.11.1", "", { "dependencies": { "jiti": "2.4.2" } }, "sha512-z6rCTQN741wxDq82cpdzx2uVykpnQIXalLhrWQSR0jlBVOxCIkz3HZnd8ern3uYTcWKfB3IpVAF7K2FU8t/8AQ=="],

    "@prisma/debug": ["@prisma/debug@6.11.1", "", {}, "sha512-lWRb/YSWu8l4Yum1UXfGLtqFzZkVS2ygkWYpgkbgMHn9XJlMITIgeMvJyX5GepChzhmxuSuiq/MY/kGFweOpGw=="],

    "@prisma/engines": ["@prisma/engines@6.11.1", "", { "dependencies": { "@prisma/debug": "6.11.1", "@prisma/engines-version": "6.11.1-1.f40f79ec31188888a2e33acda0ecc8fd10a853a9", "@prisma/fetch-engine": "6.11.1", "@prisma/get-platform": "6.11.1" } }, "sha512-6eKEcV6V8W2eZAUwX2xTktxqPM4vnx3sxz3SDtpZwjHKpC6lhOtc4vtAtFUuf5+eEqBk+dbJ9Dcaj6uQU+FNNg=="],

    "@prisma/engines-version": ["@prisma/engines-version@6.11.1-1.f40f79ec31188888a2e33acda0ecc8fd10a853a9", "", {}, "sha512-swFJTOOg4tHyOM1zB/pHb3MeH0i6t7jFKn5l+ZsB23d9AQACuIRo9MouvuKGvnDogzkcjbWnXi/NvOZ0+n5Jfw=="],

    "@prisma/fetch-engine": ["@prisma/fetch-engine@6.11.1", "", { "dependencies": { "@prisma/debug": "6.11.1", "@prisma/engines-version": "6.11.1-1.f40f79ec31188888a2e33acda0ecc8fd10a853a9", "@prisma/get-platform": "6.11.1" } }, "sha512-NBYzmkXTkj9+LxNPRSndaAeALOL1Gr3tjvgRYNqruIPlZ6/ixLeuE/5boYOewant58tnaYFZ5Ne0jFBPfGXHpQ=="],

    "@prisma/get-platform": ["@prisma/get-platform@6.11.1", "", { "dependencies": { "@prisma/debug": "6.11.1" } }, "sha512-b2Z8oV2gwvdCkFemBTFd0x4lsL4O2jLSx8lB7D+XqoFALOQZPa7eAPE1NU0Mj1V8gPHRxIsHnyUNtw2i92psUw=="],

    "@reteps/dockerfmt": ["@reteps/dockerfmt@0.3.6", "", {}, "sha512-Tb5wIMvBf/nLejTQ61krK644/CEMB/cpiaIFXqGApfGqO3GwcR3qnI0DbmkFVCl2OyEp8LnLX3EkucoL0+tbFg=="],

    "@sapphire/async-queue": ["@sapphire/async-queue@1.5.5", "", {}, "sha512-cvGzxbba6sav2zZkH8GPf2oGk9yYoD5qrNWdu9fRehifgnFZJMV+nuy2nON2roRO4yQQ+v7MK/Pktl/HgfsUXg=="],

    "@sapphire/shapeshift": ["@sapphire/shapeshift@4.0.0", "", { "dependencies": { "fast-deep-equal": "^3.1.3", "lodash": "^4.17.21" } }, "sha512-d9dUmWVA7MMiKobL3VpLF8P2aeanRTu6ypG2OIaEv/ZHH/SUQ2iHOVyi5wAPjQ+HmnMuL0whK9ez8I/raWbtIg=="],

    "@sapphire/snowflake": ["@sapphire/snowflake@3.5.3", "", {}, "sha512-jjmJywLAFoWeBi1W7994zZyiNWPIiqRRNAmSERxyg93xRGzNYvGjlZ0gR6x0F4gPRi2+0O6S71kOZYyr3cxaIQ=="],

    "@sindresorhus/slugify": ["@sindresorhus/slugify@2.2.1", "", { "dependencies": { "@sindresorhus/transliterate": "^1.0.0", "escape-string-regexp": "^5.0.0" } }, "sha512-MkngSCRZ8JdSOCHRaYd+D01XhvU3Hjy6MGl06zhOk614hp9EOAp5gIkBeQg7wtmxpitU6eAL4kdiRMcJa2dlrw=="],

    "@sindresorhus/transliterate": ["@sindresorhus/transliterate@1.6.0", "", { "dependencies": { "escape-string-regexp": "^5.0.0" } }, "sha512-doH1gimEu3A46VX6aVxpHTeHrytJAG6HgdxntYnCFiIFHEM/ZGpG8KiZGBChchjQmG0XFIBL552kBTjVcMZXwQ=="],

    "@taplo/core": ["@taplo/core@0.2.0", "", {}, "sha512-r8bl54Zj1In3QLkiW/ex694bVzpPJ9EhwqT9xkcUVODnVUGirdB1JTsmiIv0o1uwqZiwhi8xNnTOQBRQCpizrQ=="],

    "@taplo/lib": ["@taplo/lib@0.5.0", "", { "dependencies": { "@taplo/core": "^0.2.0" } }, "sha512-+xIqpQXJco3T+VGaTTwmhxLa51qpkQxCjRwezjFZgr+l21ExlywJFcDfTrNmL6lG6tqb0h8GyJKO3UPGPtSCWg=="],

    "@types/bun": ["@types/bun@1.2.18", "", { "dependencies": { "bun-types": "1.2.18" } }, "sha512-Xf6RaWVheyemaThV0kUfaAUvCNokFr+bH8Jxp+tTZfx7dAPA8z9ePnP9S9+Vspzuxxx9JRAXhnyccRj3GyCMdQ=="],

    "@types/node": ["@types/node@24.0.13", "", { "dependencies": { "undici-types": "~7.8.0" } }, "sha512-Qm9OYVOFHFYg3wJoTSrz80hoec5Lia/dPp84do3X7dZvLikQvM1YpmvTBEdIr/e+U8HTkFjLHLnl78K/qjf+jQ=="],

    "@types/react": ["@types/react@19.1.8", "", { "dependencies": { "csstype": "^3.0.2" } }, "sha512-AwAfQ2Wa5bCx9WP8nZL2uMZWod7J7/JSplxbTmBQ5ms6QpqNYm672H0Vu9ZVKVngQ+ii4R/byguVEUZQyeg44g=="],

    "@types/ws": ["@types/ws@8.18.1", "", { "dependencies": { "@types/node": "*" } }, "sha512-ThVF6DCVhA8kUGy+aazFQ4kXQ7E1Ty7A3ypFOe0IcJV8O/M511G99AW24irKrW56Wt44yG9+ij8FaqoBGkuBXg=="],

    "@vladfrangu/async_event_emitter": ["@vladfrangu/async_event_emitter@2.4.6", "", {}, "sha512-RaI5qZo6D2CVS6sTHFKg1v5Ohq/+Bo2LZ5gzUEwZ/WkHhwtGTCB/sVLw8ijOkAUxasZ+WshN/Rzj4ywsABJ5ZA=="],

    "@xml-tools/parser": ["@xml-tools/parser@1.0.11", "", { "dependencies": { "chevrotain": "7.1.1" } }, "sha512-aKqQ077XnR+oQtHJlrAflaZaL7qZsulWc/i/ZEooar5JiWj1eLt0+Wg28cpa+XLney107wXqneC+oG1IZvxkTA=="],

    "bun-types": ["bun-types@1.2.18", "", { "dependencies": { "@types/node": "*" }, "peerDependencies": { "@types/react": "^19" } }, "sha512-04+Eha5NP7Z0A9YgDAzMk5PHR16ZuLVa83b26kH5+cp1qZW4F6FmAURngE7INf4tKOvCE69vYvDEwoNl1tGiWw=="],

    "chevrotain": ["chevrotain@7.1.1", "", { "dependencies": { "regexp-to-ast": "0.5.0" } }, "sha512-wy3mC1x4ye+O+QkEinVJkPf5u2vsrDIYW9G7ZuwFl6v/Yu0LwUuT2POsb+NUWApebyxfkQq6+yDfRExbnI5rcw=="],

    "clone-regexp": ["clone-regexp@3.0.0", "", { "dependencies": { "is-regexp": "^3.0.0" } }, "sha512-ujdnoq2Kxb8s3ItNBtnYeXdm07FcU0u8ARAT1lQ2YdMwQC+cdiXX8KoqMVuglztILivceTtp4ivqGSmEmhBUJw=="],

    "convert-hrtime": ["convert-hrtime@5.0.0", "", {}, "sha512-lOETlkIeYSJWcbbcvjRKGxVMXJR+8+OQb/mTPbA4ObPMytYIsUbuOE0Jzy60hjARYszq1id0j8KgVhC+WGZVTg=="],

    "csstype": ["csstype@3.1.3", "", {}, "sha512-M1uQkMl8rQK/szD0LNhtqxIPLpimGm8sOBwU7lLnCpSbTyY3yeU1Vc7l4KT5zT4s/yOxHH5O7tIuuLOCnLADRw=="],

    "discord-api-types": ["discord-api-types@0.38.15", "", {}, "sha512-RX3skyRH7p6BlHOW62ztdnIc87+wv4TEJEURMir5k5BbRJ10wK1MCqFEO6USHTol3gkiHLE6wWoHhNQ2pqB4AA=="],

    "discord-bot-shared": ["discord-bot-shared@0.14.3", "", { "peerDependencies": { "discord.js": "^14.0.0" } }, "sha512-hxwj7OwttydHvAuKPUFYkeoAoxhh220rhbsh3l+gILtWkV/8FmQ65LKhXF0rRgZX3wcYkLNmIlPhCkcmP2/dHw=="],

    "discord.js": ["discord.js@14.21.0", "", { "dependencies": { "@discordjs/builders": "^1.11.2", "@discordjs/collection": "1.5.3", "@discordjs/formatters": "^0.6.1", "@discordjs/rest": "^2.5.1", "@discordjs/util": "^1.1.1", "@discordjs/ws": "^1.2.3", "@sapphire/snowflake": "3.5.3", "discord-api-types": "^0.38.1", "fast-deep-equal": "3.1.3", "lodash.snakecase": "4.1.1", "magic-bytes.js": "^1.10.0", "tslib": "^2.6.3", "undici": "6.21.3" } }, "sha512-U5w41cEmcnSfwKYlLv5RJjB8Joa+QJyRwIJz5i/eg+v2Qvv6EYpCRhN9I2Rlf0900LuqSDg8edakUATrDZQncQ=="],

    "escape-string-regexp": ["escape-string-regexp@5.0.0", "", {}, "sha512-/veY75JbMK4j1yjvuUxuVsiS/hr/4iHs9FTT6cgTexxdE0Ly/glccBAkloH/DofkjRbZU3bnoj38mOmhkZ0lHw=="],

    "fast-deep-equal": ["fast-deep-equal@3.1.3", "", {}, "sha512-f3qQ9oQy9j2AhBe/H9VC91wLmKBCCU/gDOnKNAYG5hswO7BLKj09Hc5HYNz9cGI++xlpDCIgDaitVs03ATR84Q=="],

    "function-timeout": ["function-timeout@0.1.1", "", {}, "sha512-0NVVC0TaP7dSTvn1yMiy6d6Q8gifzbvQafO46RtLG/kHJUBNd+pVRGOBoK44wNBvtSPUJRfdVvkFdD3p0xvyZg=="],

    "get-urls": ["get-urls@12.1.0", "", { "dependencies": { "normalize-url": "^8.0.0", "super-regex": "^0.2.0", "url-regex-safe": "^4.0.0" } }, "sha512-qHO+QmPiI1bEw0Y/m+WMAAx/UoEEXLZwEx0DVaKMtlHNrKbMeV960LryIpd+E2Ykb9XkVHmVtpbCsmul3GhR0g=="],

    "ip-regex": ["ip-regex@4.3.0", "", {}, "sha512-B9ZWJxHHOHUhUjCPrMpLD4xEq35bUTClHM1S6CBU5ixQnkZmwipwgc96vAd7AAGM9TGHvJR+Uss+/Ak6UphK+Q=="],

    "is-regexp": ["is-regexp@3.1.0", "", {}, "sha512-rbku49cWloU5bSMI+zaRaXdQHXnthP6DZ/vLnfdSKyL4zUzuWnomtOEiZZOd+ioQ+avFo/qau3KPTc7Fjy1uPA=="],

    "jiti": ["jiti@2.4.2", "", { "bin": { "jiti": "lib/jiti-cli.mjs" } }, "sha512-rg9zJN+G4n2nfJl5MW3BMygZX56zKPNVEYYqq7adpmMh4Jn2QNEwhvQlFy6jPVdcod7txZtKHWnyZiA3a0zP7A=="],

    "lodash": ["lodash@4.17.21", "", {}, "sha512-v2kDEe57lecTulaDIuNTPy3Ry4gLGJ6Z1O3vE1krgXZNrsQ+LFTGHVxVjcXPs17LhbZVGedAJv8XZ1tvj5FvSg=="],

    "lodash.snakecase": ["lodash.snakecase@4.1.1", "", {}, "sha512-QZ1d4xoBHYUeuouhEq3lk3Uq7ldgyFXGBhg04+oRLnIz8o9T65Eh+8YdroUwn846zchkA9yDsDl5CVVaV2nqYw=="],

    "magic-bytes.js": ["magic-bytes.js@1.12.1", "", {}, "sha512-ThQLOhN86ZkJ7qemtVRGYM+gRgR8GEXNli9H/PMvpnZsE44Xfh3wx9kGJaldg314v85m+bFW6WBMaVHJc/c3zA=="],

    "normalize-url": ["normalize-url@8.0.2", "", {}, "sha512-Ee/R3SyN4BuynXcnTaekmaVdbDAEiNrHqjQIA37mHU8G9pf7aaAD4ZX3XjBLo6rsdcxA/gtkcNYZLt30ACgynw=="],

    "prettier": ["prettier@3.6.2", "", { "bin": { "prettier": "bin/prettier.cjs" } }, "sha512-I7AIg5boAr5R0FFtJ6rCfD+LFsWHp81dolrFD8S79U9tb8Az2nGrJncnMSnys+bpQJfRUzqs9hnA81OAA3hCuQ=="],

    "prettier-plugin-astro": ["prettier-plugin-astro@0.14.1", "", { "dependencies": { "@astrojs/compiler": "^2.9.1", "prettier": "^3.0.0", "sass-formatter": "^0.7.6" } }, "sha512-RiBETaaP9veVstE4vUwSIcdATj6dKmXljouXc/DDNwBSPTp8FRkLGDSGFClKsAFeeg+13SB0Z1JZvbD76bigJw=="],

    "prettier-plugin-sh": ["prettier-plugin-sh@0.18.0", "", { "dependencies": { "@reteps/dockerfmt": "^0.3.6", "sh-syntax": "^0.5.8" }, "peerDependencies": { "prettier": "^3.6.0" } }, "sha512-cW1XL27FOJQ/qGHOW6IHwdCiNWQsAgK+feA8V6+xUTaH0cD3Mh+tFAtBvEEWvuY6hTDzRV943Fzeii+qMOh7nQ=="],

    "prettier-plugin-tailwindcss": ["prettier-plugin-tailwindcss@0.6.14", "", { "peerDependencies": { "@ianvs/prettier-plugin-sort-imports": "*", "@prettier/plugin-hermes": "*", "@prettier/plugin-oxc": "*", "@prettier/plugin-pug": "*", "@shopify/prettier-plugin-liquid": "*", "@trivago/prettier-plugin-sort-imports": "*", "@zackad/prettier-plugin-twig": "*", "prettier": "^3.0", "prettier-plugin-astro": "*", "prettier-plugin-css-order": "*", "prettier-plugin-import-sort": "*", "prettier-plugin-jsdoc": "*", "prettier-plugin-marko": "*", "prettier-plugin-multiline-arrays": "*", "prettier-plugin-organize-attributes": "*", "prettier-plugin-organize-imports": "*", "prettier-plugin-sort-imports": "*", "prettier-plugin-style-order": "*", "prettier-plugin-svelte": "*" }, "optionalPeers": ["@ianvs/prettier-plugin-sort-imports", "@prettier/plugin-hermes", "@prettier/plugin-oxc", "@prettier/plugin-pug", "@shopify/prettier-plugin-liquid", "@trivago/prettier-plugin-sort-imports", "@zackad/prettier-plugin-twig", "prettier-plugin-astro", "prettier-plugin-css-order", "prettier-plugin-import-sort", "prettier-plugin-jsdoc", "prettier-plugin-marko", "prettier-plugin-multiline-arrays", "prettier-plugin-organize-attributes", "prettier-plugin-organize-imports", "prettier-plugin-sort-imports", "prettier-plugin-style-order", "prettier-plugin-svelte"] }, "sha512-pi2e/+ZygeIqntN+vC573BcW5Cve8zUB0SSAGxqpB4f96boZF4M3phPVoOFCeypwkpRYdi7+jQ5YJJUwrkGUAg=="],

    "prettier-plugin-toml": ["prettier-plugin-toml@2.0.6", "", { "dependencies": { "@taplo/lib": "^0.5.0" }, "peerDependencies": { "prettier": "^3.0.3" } }, "sha512-12N/wBuHa9jd/KVy9pRP20NMKxQfQLMseQCt66lIbLaPLItvGUcSIryE1eZZMJ7loSws6Ig3M2Elc2EreNh76w=="],

    "prisma": ["prisma@6.11.1", "", { "dependencies": { "@prisma/config": "6.11.1", "@prisma/engines": "6.11.1" }, "peerDependencies": { "typescript": ">=5.1.0" }, "optionalPeers": ["typescript"], "bin": { "prisma": "build/index.js" } }, "sha512-VzJToRlV0s9Vu2bfqHiRJw73hZNCG/AyJeX+kopbu4GATTjTUdEWUteO3p4BLYoHpMS4o8pD3v6tF44BHNZI1w=="],

    "regexp-to-ast": ["regexp-to-ast@0.5.0", "", {}, "sha512-tlbJqcMHnPKI9zSrystikWKwHkBqu2a/Sgw01h3zFjvYrMxEDYHzzoMZnUrbIfpTFEsoRnnviOXNCzFiSc54Qw=="],

    "s.color": ["s.color@0.0.15", "", {}, "sha512-AUNrbEUHeKY8XsYr/DYpl+qk5+aM+DChopnWOPEzn8YKzOhv4l2zH6LzZms3tOZP3wwdOyc0RmTciyi46HLIuA=="],

    "sass-formatter": ["sass-formatter@0.7.9", "", { "dependencies": { "suf-log": "^2.5.3" } }, "sha512-CWZ8XiSim+fJVG0cFLStwDvft1VI7uvXdCNJYXhDvowiv+DsbD1nXLiQ4zrE5UBvj5DWZJ93cwN0NX5PMsr1Pw=="],

    "sh-syntax": ["sh-syntax@0.5.8", "", { "dependencies": { "tslib": "^2.8.1" } }, "sha512-JfVoxf4FxQI5qpsPbkHhZo+n6N9YMJobyl4oGEUBb/31oQYlgTjkXQD8PBiafS2UbWoxrTO0Z5PJUBXEPAG1Zw=="],

    "suf-log": ["suf-log@2.5.3", "", { "dependencies": { "s.color": "0.0.15" } }, "sha512-KvC8OPjzdNOe+xQ4XWJV2whQA0aM1kGVczMQ8+dStAO6KfEB140JEVQ9dE76ONZ0/Ylf67ni4tILPJB41U0eow=="],

    "super-regex": ["super-regex@0.2.0", "", { "dependencies": { "clone-regexp": "^3.0.0", "function-timeout": "^0.1.0", "time-span": "^5.1.0" } }, "sha512-WZzIx3rC1CvbMDloLsVw0lkZVKJWbrkJ0k1ghKFmcnPrW1+jWbgTkTEWVtD9lMdmI4jZEz40+naBxl1dCUhXXw=="],

    "time-span": ["time-span@5.1.0", "", { "dependencies": { "convert-hrtime": "^5.0.0" } }, "sha512-75voc/9G4rDIJleOo4jPvN4/YC4GRZrY8yy1uU4lwrB3XEQbWve8zXoO5No4eFrGcTAMYyoY67p8jRQdtA1HbA=="],

    "tlds": ["tlds@1.259.0", "", { "bin": { "tlds": "bin.js" } }, "sha512-AldGGlDP0PNgwppe2quAvuBl18UcjuNtOnDuUkqhd6ipPqrYYBt3aTxK1QTsBVknk97lS2JcafWMghjGWFtunw=="],

    "ts-mixer": ["ts-mixer@6.0.4", "", {}, "sha512-ufKpbmrugz5Aou4wcr5Wc1UUFWOLhq+Fm6qa6P0w0K5Qw2yhaUoiWszhCVuNQyNwrlGiscHOmqYoAox1PtvgjA=="],

    "tslib": ["tslib@2.8.1", "", {}, "sha512-oJFu94HQb+KVduSUQL7wnpmqnfmLsOA/nAh6b6EH0wCEoK0/mPeXU6c3wKDV83MkOuHPRHtSXKKU99IBazS/2w=="],

    "typescript": ["typescript@5.8.3", "", { "bin": { "tsc": "bin/tsc", "tsserver": "bin/tsserver" } }, "sha512-p1diW6TqL9L07nNxvRMM7hMMw4c5XOo/1ibL4aAIGmSAt9slTE1Xgw5KWuof2uTOvCg9BY7ZRi+GaF+7sfgPeQ=="],

    "undici": ["undici@6.21.3", "", {}, "sha512-gBLkYIlEnSp8pFbT64yFgGE6UIB9tAkhukC23PmMDCe5Nd+cRqKxSjw5y54MK2AZMgZfJWMaNE4nYUHgi1XEOw=="],

    "undici-types": ["undici-types@7.8.0", "", {}, "sha512-9UJ2xGDvQ43tYyVMpuHlsgApydB8ZKfVYTsLDhXkFL/6gfkp+U8xTGdh8pMJv1SpZna0zxG1DwsKZsreLbXBxw=="],

    "url-regex-safe": ["url-regex-safe@4.0.0", "", { "dependencies": { "ip-regex": "4.3.0", "tlds": "^1.242.0" }, "peerDependencies": { "re2": "^1.20.1" }, "optionalPeers": ["re2"] }, "sha512-BrnFCWKNFrFnRzKD66NtJqQepfJrUHNPvPxE5y5NSAhXBb4OlobQjt7907Jm4ItPiXaeX+dDWMkcnOd4jR9N8A=="],

    "ws": ["ws@8.18.3", "", { "peerDependencies": { "bufferutil": "^4.0.1", "utf-8-validate": ">=5.0.2" }, "optionalPeers": ["bufferutil", "utf-8-validate"] }, "sha512-PEIGCY5tSlUt50cqyMXfCzX+oOPqN0vuGqWzbcJ2xvnkzkq46oOpz7dQaTDBdfICb4N14+GARUDw2XV2N4tvzg=="],

    "@discordjs/rest/@discordjs/collection": ["@discordjs/collection@2.1.1", "", {}, "sha512-LiSusze9Tc7qF03sLCujF5iZp7K+vRNEDBZ86FT9aQAv3vxMLihUvKvpsCWiQ2DJq1tVckopKm1rxomgNUc9hg=="],

    "@discordjs/ws/@discordjs/collection": ["@discordjs/collection@2.1.1", "", {}, "sha512-LiSusze9Tc7qF03sLCujF5iZp7K+vRNEDBZ86FT9aQAv3vxMLihUvKvpsCWiQ2DJq1tVckopKm1rxomgNUc9hg=="],
  }
}
